
Microsoft Visual Studio Solution File, Format Version 12.00
# Visual Studio Version 17
VisualStudioVersion = 17.9.34622.214
MinimumVisualStudioVersion = 10.0.40219.1
Project("{FAE04EC0-301F-11D3-BF4B-00C04F79EFBC}") = "ImageScanner", "ImageScanner\ImageScanner.csproj", "{E031362E-F39D-45D5-9E49-4F3F1F6A8642}"
EndProject
Global
	GlobalSection(SolutionConfigurationPlatforms) = preSolution
		Debug|Any CPU = Debug|Any CPU
		Release|Any CPU = Release|Any CPU
	EndGlobalSection
	GlobalSection(ProjectConfigurationPlatforms) = postSolution
		{E031362E-F39D-45D5-9E49-4F3F1F6A8642}.Debug|Any CPU.ActiveCfg = Debug|Any CPU
		{E031362E-F39D-45D5-9E49-4F3F1F6A8642}.Debug|Any CPU.Build.0 = Debug|Any CPU
		{E031362E-F39D-45D5-9E49-4F3F1F6A8642}.Release|Any CPU.ActiveCfg = Release|Any CPU
		{E031362E-F39D-45D5-9E49-4F3F1F6A8642}.Release|Any CPU.Build.0 = Release|Any CPU
	EndGlobalSection
	GlobalSection(SolutionProperties) = preSolution
		HideSolutionNode = FALSE
	EndGlobalSection
	GlobalSection(ExtensibilityGlobals) = postSolution
		SolutionGuid = {2CBE17A2-FCCA-447C-860E-3CA168D6B88B}
	EndGlobalSection
EndGlobal
